
Microsoft Visual Studio Solution File, Format Version 12.00
# Visual Studio 15
VisualStudioVersion = 15.0.28307.106
MinimumVisualStudioVersion = 10.0.40219.1
Project("{FAE04EC0-301F-11D3-BF4B-00C04F79EFBC}") = "Delegates", "Delegates\Delegates.csproj", "{676A4992-F6D2-40EF-972E-54E3D1AD76D5}"
EndProject
Global
	GlobalSection(SolutionConfigurationPlatforms) = preSolution
		Debug|Any CPU = Debug|Any CPU
		Release|Any CPU = Release|Any CPU
	EndGlobalSection
	GlobalSection(ProjectConfigurationPlatforms) = postSolution
		{676A4992-F6D2-40EF-972E-54E3D1AD76D5}.Debug|Any CPU.ActiveCfg = Debug|Any CPU
		{676A4992-F6D2-40EF-972E-54E3D1AD76D5}.Debug|Any CPU.Build.0 = Debug|Any CPU
		{676A4992-F6D2-40EF-972E-54E3D1AD76D5}.Release|Any CPU.ActiveCfg = Release|Any CPU
		{676A4992-F6D2-40EF-972E-54E3D1AD76D5}.Release|Any CPU.Build.0 = Release|Any CPU
	EndGlobalSection
	GlobalSection(SolutionProperties) = preSolution
		HideSolutionNode = FALSE
	EndGlobalSection
	GlobalSection(ExtensibilityGlobals) = postSolution
		SolutionGuid = {3E78C0D4-7DEE-4510-A34F-827D4A58A0D4}
	EndGlobalSection
EndGlobal
