
Microsoft Visual Studio Solution File, Format Version 12.00
# Visual Studio 15
VisualStudioVersion = 15.0.28307.106
MinimumVisualStudioVersion = 10.0.40219.1
Project("{FAE04EC0-301F-11D3-BF4B-00C04F79EFBC}") = "LinqAndTestingLibrary", "LinqAndTestingLibrary\LinqAndTestingLibrary.csproj", "{28BF2526-789E-4970-8B13-C3F3A353344E}"
EndProject
Project("{FAE04EC0-301F-11D3-BF4B-00C04F79EFBC}") = "LinqAndTest.Tests", "LinqAndTest.Tests\LinqAndTest.Tests.csproj", "{A3769766-037E-4AE7-AADD-5C4AC636EE33}"
EndProject
Global
	GlobalSection(SolutionConfigurationPlatforms) = preSolution
		Debug|Any CPU = Debug|Any CPU
		Release|Any CPU = Release|Any CPU
	EndGlobalSection
	GlobalSection(ProjectConfigurationPlatforms) = postSolution
		{28BF2526-789E-4970-8B13-C3F3A353344E}.Debug|Any CPU.ActiveCfg = Debug|Any CPU
		{28BF2526-789E-4970-8B13-C3F3A353344E}.Debug|Any CPU.Build.0 = Debug|Any CPU
		{28BF2526-789E-4970-8B13-C3F3A353344E}.Release|Any CPU.ActiveCfg = Release|Any CPU
		{28BF2526-789E-4970-8B13-C3F3A353344E}.Release|Any CPU.Build.0 = Release|Any CPU
		{A3769766-037E-4AE7-AADD-5C4AC636EE33}.Debug|Any CPU.ActiveCfg = Debug|Any CPU
		{A3769766-037E-4AE7-AADD-5C4AC636EE33}.Debug|Any CPU.Build.0 = Debug|Any CPU
		{A3769766-037E-4AE7-AADD-5C4AC636EE33}.Release|Any CPU.ActiveCfg = Release|Any CPU
		{A3769766-037E-4AE7-AADD-5C4AC636EE33}.Release|Any CPU.Build.0 = Release|Any CPU
	EndGlobalSection
	GlobalSection(SolutionProperties) = preSolution
		HideSolutionNode = FALSE
	EndGlobalSection
	GlobalSection(ExtensibilityGlobals) = postSolution
		SolutionGuid = {8E5BED9F-8C0E-447A-9E6A-8E1964ADF19F}
	EndGlobalSection
EndGlobal
